
Microsoft Visual Studio Solution File, Format Version 12.00
# Visual Studio Version 16
VisualStudioVersion = 16.0.29215.179
MinimumVisualStudioVersion = 10.0.40219.1
Project("{2150E333-8FDC-42A3-9474-1A3956D46DE8}") = "Microservices", "Microservices", "{4F22F2E4-E3BF-45DB-8F97-580A675B6BC8}"
EndProject
Project("{2150E333-8FDC-42A3-9474-1A3956D46DE8}") = "Domain", "Domain", "{394DDB6B-BA2D-4061-80DA-04D404FF45B1}"
EndProject
Project("{2150E333-8FDC-42A3-9474-1A3956D46DE8}") = "Infra.Bus", "Infra.Bus", "{17AC49D7-1AEA-4823-9442-32A0BE69DD9C}"
EndProject
Project("{2150E333-8FDC-42A3-9474-1A3956D46DE8}") = "Infra.IoC", "Infra.IoC", "{F925DF47-28E2-4AC4-B759-901D296FA174}"
EndProject
Project("{2150E333-8FDC-42A3-9474-1A3956D46DE8}") = "Presentation", "Presentation", "{CCB40579-EB3A-400F-86CE-7AD33413B468}"
EndProject
Project("{9A19103F-16F7-4668-BE54-9A1E7A4F7556}") = "MicroRabbit.Domain.Core", "MicroRabbit.Domain.Core\MicroRabbit.Domain.Core.csproj", "{EA2E254F-CBBB-4671-B34F-9C20A17933B5}"
EndProject
Project("{9A19103F-16F7-4668-BE54-9A1E7A4F7556}") = "MicroRabbit.Infra.Bus", "MicroRabbit.Infra.Bus\MicroRabbit.Infra.Bus.csproj", "{BE9A9EE9-4B3D-4E51-807E-0B98ADDE8592}"
EndProject
Project("{9A19103F-16F7-4668-BE54-9A1E7A4F7556}") = "MicroRabbit.Infra.IoC", "MicroRabbit.Infra.IoC\MicroRabbit.Infra.IoC.csproj", "{D20CD451-924E-43D3-8DD1-69474C151DFF}"
EndProject
Project("{2150E333-8FDC-42A3-9474-1A3956D46DE8}") = "Banking", "Banking", "{2CC7A705-D631-4AA3-BB90-B522B48BFC48}"
EndProject
Project("{2150E333-8FDC-42A3-9474-1A3956D46DE8}") = "Api", "Api", "{35B56F00-392A-4776-AB09-A264F90F31D5}"
EndProject
Project("{2150E333-8FDC-42A3-9474-1A3956D46DE8}") = "Domain", "Domain", "{FBE4DE41-C4D0-4107-B040-E40F4DBF91FD}"
EndProject
Project("{2150E333-8FDC-42A3-9474-1A3956D46DE8}") = "Application", "Application", "{5F1C7FBF-A239-4635-96E1-59FFA11DD6E6}"
EndProject
Project("{2150E333-8FDC-42A3-9474-1A3956D46DE8}") = "Data", "Data", "{4556F0CA-1BAF-4807-8A03-0A1D109AFA24}"
EndProject
Project("{9A19103F-16F7-4668-BE54-9A1E7A4F7556}") = "MicroRabbit.Baking.Api", "MicroRabbit.Baking.Api\MicroRabbit.Baking.Api.csproj", "{7FEB6393-5456-46A0-82A0-D77798627532}"
EndProject
Project("{FAE04EC0-301F-11D3-BF4B-00C04F79EFBC}") = "MicroRabbit.Baking.Application", "MicroRabbit.Baking.Application\MicroRabbit.Baking.Application.csproj", "{19FD9194-335F-43FD-A60A-9905F325DA65}"
EndProject
Project("{FAE04EC0-301F-11D3-BF4B-00C04F79EFBC}") = "MicroRabbit.Baking.Data", "MicroRabbit.Baking.Data\MicroRabbit.Baking.Data.csproj", "{D818D27F-F024-4BAE-8735-4DCDA7542FE9}"
EndProject
Project("{FAE04EC0-301F-11D3-BF4B-00C04F79EFBC}") = "MicroRabbit.Baking.Domain", "MicroRabbit.Baking.Domain\MicroRabbit.Baking.Domain.csproj", "{410CD74A-E122-4A48-B58A-96AEEDC653AA}"
EndProject
Global
	GlobalSection(SolutionConfigurationPlatforms) = preSolution
		Debug|Any CPU = Debug|Any CPU
		Release|Any CPU = Release|Any CPU
	EndGlobalSection
	GlobalSection(ProjectConfigurationPlatforms) = postSolution
		{EA2E254F-CBBB-4671-B34F-9C20A17933B5}.Debug|Any CPU.ActiveCfg = Debug|Any CPU
		{EA2E254F-CBBB-4671-B34F-9C20A17933B5}.Debug|Any CPU.Build.0 = Debug|Any CPU
		{EA2E254F-CBBB-4671-B34F-9C20A17933B5}.Release|Any CPU.ActiveCfg = Release|Any CPU
		{EA2E254F-CBBB-4671-B34F-9C20A17933B5}.Release|Any CPU.Build.0 = Release|Any CPU
		{BE9A9EE9-4B3D-4E51-807E-0B98ADDE8592}.Debug|Any CPU.ActiveCfg = Debug|Any CPU
		{BE9A9EE9-4B3D-4E51-807E-0B98ADDE8592}.Debug|Any CPU.Build.0 = Debug|Any CPU
		{BE9A9EE9-4B3D-4E51-807E-0B98ADDE8592}.Release|Any CPU.ActiveCfg = Release|Any CPU
		{BE9A9EE9-4B3D-4E51-807E-0B98ADDE8592}.Release|Any CPU.Build.0 = Release|Any CPU
		{D20CD451-924E-43D3-8DD1-69474C151DFF}.Debug|Any CPU.ActiveCfg = Debug|Any CPU
		{D20CD451-924E-43D3-8DD1-69474C151DFF}.Debug|Any CPU.Build.0 = Debug|Any CPU
		{D20CD451-924E-43D3-8DD1-69474C151DFF}.Release|Any CPU.ActiveCfg = Release|Any CPU
		{D20CD451-924E-43D3-8DD1-69474C151DFF}.Release|Any CPU.Build.0 = Release|Any CPU
		{7FEB6393-5456-46A0-82A0-D77798627532}.Debug|Any CPU.ActiveCfg = Debug|Any CPU
		{7FEB6393-5456-46A0-82A0-D77798627532}.Debug|Any CPU.Build.0 = Debug|Any CPU
		{7FEB6393-5456-46A0-82A0-D77798627532}.Release|Any CPU.ActiveCfg = Release|Any CPU
		{7FEB6393-5456-46A0-82A0-D77798627532}.Release|Any CPU.Build.0 = Release|Any CPU
		{19FD9194-335F-43FD-A60A-9905F325DA65}.Debug|Any CPU.ActiveCfg = Debug|Any CPU
		{19FD9194-335F-43FD-A60A-9905F325DA65}.Debug|Any CPU.Build.0 = Debug|Any CPU
		{19FD9194-335F-43FD-A60A-9905F325DA65}.Release|Any CPU.ActiveCfg = Release|Any CPU
		{19FD9194-335F-43FD-A60A-9905F325DA65}.Release|Any CPU.Build.0 = Release|Any CPU
		{D818D27F-F024-4BAE-8735-4DCDA7542FE9}.Debug|Any CPU.ActiveCfg = Debug|Any CPU
		{D818D27F-F024-4BAE-8735-4DCDA7542FE9}.Debug|Any CPU.Build.0 = Debug|Any CPU
		{D818D27F-F024-4BAE-8735-4DCDA7542FE9}.Release|Any CPU.ActiveCfg = Release|Any CPU
		{D818D27F-F024-4BAE-8735-4DCDA7542FE9}.Release|Any CPU.Build.0 = Release|Any CPU
		{410CD74A-E122-4A48-B58A-96AEEDC653AA}.Debug|Any CPU.ActiveCfg = Debug|Any CPU
		{410CD74A-E122-4A48-B58A-96AEEDC653AA}.Debug|Any CPU.Build.0 = Debug|Any CPU
		{410CD74A-E122-4A48-B58A-96AEEDC653AA}.Release|Any CPU.ActiveCfg = Release|Any CPU
		{410CD74A-E122-4A48-B58A-96AEEDC653AA}.Release|Any CPU.Build.0 = Release|Any CPU
	EndGlobalSection
	GlobalSection(SolutionProperties) = preSolution
		HideSolutionNode = FALSE
	EndGlobalSection
	GlobalSection(NestedProjects) = preSolution
		{EA2E254F-CBBB-4671-B34F-9C20A17933B5} = {394DDB6B-BA2D-4061-80DA-04D404FF45B1}
		{BE9A9EE9-4B3D-4E51-807E-0B98ADDE8592} = {17AC49D7-1AEA-4823-9442-32A0BE69DD9C}
		{D20CD451-924E-43D3-8DD1-69474C151DFF} = {F925DF47-28E2-4AC4-B759-901D296FA174}
		{2CC7A705-D631-4AA3-BB90-B522B48BFC48} = {4F22F2E4-E3BF-45DB-8F97-580A675B6BC8}
		{35B56F00-392A-4776-AB09-A264F90F31D5} = {2CC7A705-D631-4AA3-BB90-B522B48BFC48}
		{FBE4DE41-C4D0-4107-B040-E40F4DBF91FD} = {2CC7A705-D631-4AA3-BB90-B522B48BFC48}
		{5F1C7FBF-A239-4635-96E1-59FFA11DD6E6} = {2CC7A705-D631-4AA3-BB90-B522B48BFC48}
		{4556F0CA-1BAF-4807-8A03-0A1D109AFA24} = {2CC7A705-D631-4AA3-BB90-B522B48BFC48}
		{7FEB6393-5456-46A0-82A0-D77798627532} = {35B56F00-392A-4776-AB09-A264F90F31D5}
		{19FD9194-335F-43FD-A60A-9905F325DA65} = {5F1C7FBF-A239-4635-96E1-59FFA11DD6E6}
		{D818D27F-F024-4BAE-8735-4DCDA7542FE9} = {4556F0CA-1BAF-4807-8A03-0A1D109AFA24}
		{410CD74A-E122-4A48-B58A-96AEEDC653AA} = {FBE4DE41-C4D0-4107-B040-E40F4DBF91FD}
	EndGlobalSection
	GlobalSection(ExtensibilityGlobals) = postSolution
		SolutionGuid = {6E9BA038-C016-45DE-9D39-4C99BE684C0B}
	EndGlobalSection
EndGlobal
